Microsoft Visual Studio Solution File, Format Version 12.00
# Visual Studio Version 16
VisualStudioVersion = 16.0.29409.12
MinimumVisualStudioVersion = 10.0.40219.1
Project("{FAE04EC0-301F-11D3-BF4B-00C04F79EFBC}") = "TipUMobile.Android", "TipUMobile.Android\TipUMobile.Android.csproj", "{1505EC82-2FFF-4B18-A687-43F098E60055}"
EndProject
Project("{FAE04EC0-301F-11D3-BF4B-00C04F79EFBC}") = "TipUMobile.iOS", "TipUMobile.iOS\TipUMobile.iOS.csproj", "{1F9842E6-68C4-420D-8FFF-D7C746F54FC3}"
EndProject
Project("{9A19103F-16F7-4668-BE54-9A1E7A4F7556}") = "TipUMobile", "TipUMobile\TipUMobile.csproj", "{B31B96F5-C2A3-4E53-A438-AE16E3C806A6}"
EndProject
Project("{2150E333-8FDC-42A3-9474-1A3956D46DE8}") = "MobileApp", "MobileApp", "{A9ECD8BD-AD57-4B42-AEBB-3EEE4E08AB6F}"
EndProject
Global
	GlobalSection(SolutionConfigurationPlatforms) = preSolution
		Debug|Any CPU = Debug|Any CPU
		Debug|iPhone = Debug|iPhone
		Debug|iPhoneSimulator = Debug|iPhoneSimulator
		Release|Any CPU = Release|Any CPU
		Release|iPhone = Release|iPhone
		Release|iPhoneSimulator = Release|iPhoneSimulator
	EndGlobalSection
	GlobalSection(ProjectConfigurationPlatforms) = postSolution
		{1505EC82-2FFF-4B18-A687-43F098E60055}.Debug|Any CPU.ActiveCfg = Debug|Any CPU
		{1505EC82-2FFF-4B18-A687-43F098E60055}.Debug|Any CPU.Build.0 = Debug|Any CPU
		{1505EC82-2FFF-4B18-A687-43F098E60055}.Debug|Any CPU.Deploy.0 = Debug|Any CPU
		{1505EC82-2FFF-4B18-A687-43F098E60055}.Debug|iPhone.ActiveCfg = Debug|Any CPU
		{1505EC82-2FFF-4B18-A687-43F098E60055}.Debug|iPhone.Build.0 = Debug|Any CPU
		{1505EC82-2FFF-4B18-A687-43F098E60055}.Debug|iPhoneSimulator.ActiveCfg = Debug|Any CPU
		{1505EC82-2FFF-4B18-A687-43F098E60055}.Debug|iPhoneSimulator.Build.0 = Debug|Any CPU
		{1505EC82-2FFF-4B18-A687-43F098E60055}.Release|Any CPU.ActiveCfg = Release|Any CPU
		{1505EC82-2FFF-4B18-A687-43F098E60055}.Release|Any CPU.Build.0 = Release|Any CPU
		{1505EC82-2FFF-4B18-A687-43F098E60055}.Release|iPhone.ActiveCfg = Release|Any CPU
		{1505EC82-2FFF-4B18-A687-43F098E60055}.Release|iPhone.Build.0 = Release|Any CPU
		{1505EC82-2FFF-4B18-A687-43F098E60055}.Release|iPhoneSimulator.ActiveCfg = Release|Any CPU
		{1505EC82-2FFF-4B18-A687-43F098E60055}.Release|iPhoneSimulator.Build.0 = Release|Any CPU
		{1F9842E6-68C4-420D-8FFF-D7C746F54FC3}.Debug|Any CPU.ActiveCfg = Debug|iPhoneSimulator
		{1F9842E6-68C4-420D-8FFF-D7C746F54FC3}.Debug|Any CPU.Build.0 = Debug|iPhoneSimulator
		{1F9842E6-68C4-420D-8FFF-D7C746F54FC3}.Debug|iPhone.ActiveCfg = Debug|iPhone
		{1F9842E6-68C4-420D-8FFF-D7C746F54FC3}.Debug|iPhone.Build.0 = Debug|iPhone
		{1F9842E6-68C4-420D-8FFF-D7C746F54FC3}.Debug|iPhoneSimulator.ActiveCfg = Debug|iPhoneSimulator
		{1F9842E6-68C4-420D-8FFF-D7C746F54FC3}.Debug|iPhoneSimulator.Build.0 = Debug|iPhoneSimulator
		{1F9842E6-68C4-420D-8FFF-D7C746F54FC3}.Release|Any CPU.ActiveCfg = Release|iPhoneSimulator
		{1F9842E6-68C4-420D-8FFF-D7C746F54FC3}.Release|Any CPU.Build.0 = Release|iPhoneSimulator
		{1F9842E6-68C4-420D-8FFF-D7C746F54FC3}.Release|iPhone.ActiveCfg = Release|iPhone
		{1F9842E6-68C4-420D-8FFF-D7C746F54FC3}.Release|iPhone.Build.0 = Release|iPhone
		{1F9842E6-68C4-420D-8FFF-D7C746F54FC3}.Release|iPhoneSimulator.ActiveCfg = Release|iPhoneSimulator
		{1F9842E6-68C4-420D-8FFF-D7C746F54FC3}.Release|iPhoneSimulator.Build.0 = Release|iPhoneSimulator
		{B31B96F5-C2A3-4E53-A438-AE16E3C806A6}.Debug|Any CPU.ActiveCfg = Debug|Any CPU
		{B31B96F5-C2A3-4E53-A438-AE16E3C806A6}.Debug|Any CPU.Build.0 = Debug|Any CPU
		{B31B96F5-C2A3-4E53-A438-AE16E3C806A6}.Debug|iPhone.ActiveCfg = Debug|Any CPU
		{B31B96F5-C2A3-4E53-A438-AE16E3C806A6}.Debug|iPhone.Build.0 = Debug|Any CPU
		{B31B96F5-C2A3-4E53-A438-AE16E3C806A6}.Debug|iPhoneSimulator.ActiveCfg = Debug|Any CPU
		{B31B96F5-C2A3-4E53-A438-AE16E3C806A6}.Debug|iPhoneSimulator.Build.0 = Debug|Any CPU
		{B31B96F5-C2A3-4E53-A438-AE16E3C806A6}.Release|Any CPU.ActiveCfg = Release|Any CPU
		{B31B96F5-C2A3-4E53-A438-AE16E3C806A6}.Release|Any CPU.Build.0 = Release|Any CPU
		{B31B96F5-C2A3-4E53-A438-AE16E3C806A6}.Release|iPhone.ActiveCfg = Release|Any CPU
		{B31B96F5-C2A3-4E53-A438-AE16E3C806A6}.Release|iPhone.Build.0 = Release|Any CPU
		{B31B96F5-C2A3-4E53-A438-AE16E3C806A6}.Release|iPhoneSimulator.ActiveCfg = Release|Any CPU
		{B31B96F5-C2A3-4E53-A438-AE16E3C806A6}.Release|iPhoneSimulator.Build.0 = Release|Any CPU
	EndGlobalSection
	GlobalSection(SolutionProperties) = preSolution
		HideSolutionNode = FALSE
	EndGlobalSection
	GlobalSection(NestedProjects) = preSolution
		{1505EC82-2FFF-4B18-A687-43F098E60055} = {A9ECD8BD-AD57-4B42-AEBB-3EEE4E08AB6F}
		{1F9842E6-68C4-420D-8FFF-D7C746F54FC3} = {A9ECD8BD-AD57-4B42-AEBB-3EEE4E08AB6F}
		{B31B96F5-C2A3-4E53-A438-AE16E3C806A6} = {A9ECD8BD-AD57-4B42-AEBB-3EEE4E08AB6F}
	EndGlobalSection
	GlobalSection(ExtensibilityGlobals) = postSolution
		SolutionGuid = {57B3A0CF-1D20-44C3-8CEE-E4CA7D992012}
	EndGlobalSection
EndGlobal
